
Microsoft Visual Studio Solution File, Format Version 12.00
# Visual Studio Version 17
VisualStudioVersion = 17.8.34330.188
MinimumVisualStudioVersion = 10.0.40219.1
Project("{9A19103F-16F7-4668-BE54-9A1E7A4F7556}") = "WebMemoryzoneApi", "WebMemoryzoneApi.csproj", "{F67136B6-2A70-4531-A995-57EB2F73DE72}"
EndProject
Project("{9A19103F-16F7-4668-BE54-9A1E7A4F7556}") = "Domain", "..\Domain\Domain.csproj", "{A255C8AB-F87B-4FB0-ACB2-093C4F9D1AD9}"
EndProject
Project("{9A19103F-16F7-4668-BE54-9A1E7A4F7556}") = "Application", "..\Application\Application.csproj", "{32E98EEF-9320-45D3-85B6-34D950ACD71B}"
EndProject
Project("{9A19103F-16F7-4668-BE54-9A1E7A4F7556}") = "Infrastructure", "..\Infrastructure\Infrastructure.csproj", "{CF212327-ADFE-4605-8E97-644802F2FD21}"
EndProject
Project("{FAE04EC0-301F-11D3-BF4B-00C04F79EFBC}") = "Infrastructure.PaymentService", "..\Infrastructure.PaymentService\Infrastructure.PaymentService.csproj", "{8FA23E49-EC61-40CC-A7FE-476C529AB8A6}"
EndProject
Global
	GlobalSection(SolutionConfigurationPlatforms) = preSolution
		Debug|Any CPU = Debug|Any CPU
		Release|Any CPU = Release|Any CPU
	EndGlobalSection
	GlobalSection(ProjectConfigurationPlatforms) = postSolution
		{F67136B6-2A70-4531-A995-57EB2F73DE72}.Debug|Any CPU.ActiveCfg = Debug|Any CPU
		{F67136B6-2A70-4531-A995-57EB2F73DE72}.Debug|Any CPU.Build.0 = Debug|Any CPU
		{F67136B6-2A70-4531-A995-57EB2F73DE72}.Release|Any CPU.ActiveCfg = Release|Any CPU
		{F67136B6-2A70-4531-A995-57EB2F73DE72}.Release|Any CPU.Build.0 = Release|Any CPU
		{A255C8AB-F87B-4FB0-ACB2-093C4F9D1AD9}.Debug|Any CPU.ActiveCfg = Debug|Any CPU
		{A255C8AB-F87B-4FB0-ACB2-093C4F9D1AD9}.Debug|Any CPU.Build.0 = Debug|Any CPU
		{A255C8AB-F87B-4FB0-ACB2-093C4F9D1AD9}.Release|Any CPU.ActiveCfg = Release|Any CPU
		{A255C8AB-F87B-4FB0-ACB2-093C4F9D1AD9}.Release|Any CPU.Build.0 = Release|Any CPU
		{32E98EEF-9320-45D3-85B6-34D950ACD71B}.Debug|Any CPU.ActiveCfg = Debug|Any CPU
		{32E98EEF-9320-45D3-85B6-34D950ACD71B}.Debug|Any CPU.Build.0 = Debug|Any CPU
		{32E98EEF-9320-45D3-85B6-34D950ACD71B}.Release|Any CPU.ActiveCfg = Release|Any CPU
		{32E98EEF-9320-45D3-85B6-34D950ACD71B}.Release|Any CPU.Build.0 = Release|Any CPU
		{CF212327-ADFE-4605-8E97-644802F2FD21}.Debug|Any CPU.ActiveCfg = Debug|Any CPU
		{CF212327-ADFE-4605-8E97-644802F2FD21}.Debug|Any CPU.Build.0 = Debug|Any CPU
		{CF212327-ADFE-4605-8E97-644802F2FD21}.Release|Any CPU.ActiveCfg = Release|Any CPU
		{CF212327-ADFE-4605-8E97-644802F2FD21}.Release|Any CPU.Build.0 = Release|Any CPU
		{8FA23E49-EC61-40CC-A7FE-476C529AB8A6}.Debug|Any CPU.ActiveCfg = Debug|Any CPU
		{8FA23E49-EC61-40CC-A7FE-476C529AB8A6}.Debug|Any CPU.Build.0 = Debug|Any CPU
		{8FA23E49-EC61-40CC-A7FE-476C529AB8A6}.Release|Any CPU.ActiveCfg = Release|Any CPU
		{8FA23E49-EC61-40CC-A7FE-476C529AB8A6}.Release|Any CPU.Build.0 = Release|Any CPU
	EndGlobalSection
	GlobalSection(SolutionProperties) = preSolution
		HideSolutionNode = FALSE
	EndGlobalSection
	GlobalSection(ExtensibilityGlobals) = postSolution
		SolutionGuid = {10BF0394-E7DD-402F-B491-3AF15608F6EA}
	EndGlobalSection
EndGlobal
